
Microsoft Visual Studio Solution File, Format Version 12.00
# Visual Studio Version 17
VisualStudioVersion = 17.5.33516.290
MinimumVisualStudioVersion = 10.0.40219.1
Project("{9A19103F-16F7-4668-BE54-9A1E7A4F7556}") = "CaseCadastro.API", "CaseCadastro.API\CaseCadastro.API.csproj", "{AE8C1F72-D5B6-4E79-A8EF-FE20FD7FA283}"
EndProject
Project("{9A19103F-16F7-4668-BE54-9A1E7A4F7556}") = "CaseCadastro.Application", "CaseCadastro.Application\CaseCadastro.Application.csproj", "{86FCEF92-392B-4F4C-9E6B-AE4F4B6E516C}"
EndProject
Project("{9A19103F-16F7-4668-BE54-9A1E7A4F7556}") = "CaseCadastro.Domain", "CaseCadastro.Domain\CaseCadastro.Domain.csproj", "{3D206E7A-D1CF-4173-8F79-6AE10D2F1D99}"
EndProject
Project("{9A19103F-16F7-4668-BE54-9A1E7A4F7556}") = "CaseCadastro.Infrastructure", "CaseCadastro.Infrastructure\CaseCadastro.Infrastructure.csproj", "{77503DFE-0B44-4368-9BC2-E9E10D913E0E}"
EndProject
Project("{FAE04EC0-301F-11D3-BF4B-00C04F79EFBC}") = "CaseCadastro.UnitTest", "CaseCadastro.UnitTest\CaseCadastro.UnitTest.csproj", "{65A4EE29-E9D7-477B-9940-C5E76D26ED53}"
EndProject
Global
	GlobalSection(SolutionConfigurationPlatforms) = preSolution
		Debug|Any CPU = Debug|Any CPU
		Release|Any CPU = Release|Any CPU
	EndGlobalSection
	GlobalSection(ProjectConfigurationPlatforms) = postSolution
		{AE8C1F72-D5B6-4E79-A8EF-FE20FD7FA283}.Debug|Any CPU.ActiveCfg = Debug|Any CPU
		{AE8C1F72-D5B6-4E79-A8EF-FE20FD7FA283}.Debug|Any CPU.Build.0 = Debug|Any CPU
		{AE8C1F72-D5B6-4E79-A8EF-FE20FD7FA283}.Release|Any CPU.ActiveCfg = Release|Any CPU
		{AE8C1F72-D5B6-4E79-A8EF-FE20FD7FA283}.Release|Any CPU.Build.0 = Release|Any CPU
		{86FCEF92-392B-4F4C-9E6B-AE4F4B6E516C}.Debug|Any CPU.ActiveCfg = Debug|Any CPU
		{86FCEF92-392B-4F4C-9E6B-AE4F4B6E516C}.Debug|Any CPU.Build.0 = Debug|Any CPU
		{86FCEF92-392B-4F4C-9E6B-AE4F4B6E516C}.Release|Any CPU.ActiveCfg = Release|Any CPU
		{86FCEF92-392B-4F4C-9E6B-AE4F4B6E516C}.Release|Any CPU.Build.0 = Release|Any CPU
		{3D206E7A-D1CF-4173-8F79-6AE10D2F1D99}.Debug|Any CPU.ActiveCfg = Debug|Any CPU
		{3D206E7A-D1CF-4173-8F79-6AE10D2F1D99}.Debug|Any CPU.Build.0 = Debug|Any CPU
		{3D206E7A-D1CF-4173-8F79-6AE10D2F1D99}.Release|Any CPU.ActiveCfg = Release|Any CPU
		{3D206E7A-D1CF-4173-8F79-6AE10D2F1D99}.Release|Any CPU.Build.0 = Release|Any CPU
		{77503DFE-0B44-4368-9BC2-E9E10D913E0E}.Debug|Any CPU.ActiveCfg = Debug|Any CPU
		{77503DFE-0B44-4368-9BC2-E9E10D913E0E}.Debug|Any CPU.Build.0 = Debug|Any CPU
		{77503DFE-0B44-4368-9BC2-E9E10D913E0E}.Release|Any CPU.ActiveCfg = Release|Any CPU
		{77503DFE-0B44-4368-9BC2-E9E10D913E0E}.Release|Any CPU.Build.0 = Release|Any CPU
		{65A4EE29-E9D7-477B-9940-C5E76D26ED53}.Debug|Any CPU.ActiveCfg = Debug|Any CPU
		{65A4EE29-E9D7-477B-9940-C5E76D26ED53}.Debug|Any CPU.Build.0 = Debug|Any CPU
		{65A4EE29-E9D7-477B-9940-C5E76D26ED53}.Release|Any CPU.ActiveCfg = Release|Any CPU
		{65A4EE29-E9D7-477B-9940-C5E76D26ED53}.Release|Any CPU.Build.0 = Release|Any CPU
	EndGlobalSection
	GlobalSection(SolutionProperties) = preSolution
		HideSolutionNode = FALSE
	EndGlobalSection
	GlobalSection(ExtensibilityGlobals) = postSolution
		SolutionGuid = {4B6422DA-74A2-48BC-9139-B81E28C9A7EA}
	EndGlobalSection
EndGlobal
